
Microsoft Visual Studio Solution File, Format Version 12.00
# Visual Studio 15
VisualStudioVersion = 15.0.28307.902
MinimumVisualStudioVersion = 10.0.40219.1
Project("{FAE04EC0-301F-11D3-BF4B-00C04F79EFBC}") = "AsesoriaTesisWebAPI", "AsesoriaTesisWebAPI\AsesoriaTesisWebAPI.csproj", "{67C51228-6195-4FE5-A1B8-FA2824260AD5}"
EndProject
Global
	GlobalSection(SolutionConfigurationPlatforms) = preSolution
		Debug|Any CPU = Debug|Any CPU
		Release|Any CPU = Release|Any CPU
	EndGlobalSection
	GlobalSection(ProjectConfigurationPlatforms) = postSolution
		{67C51228-6195-4FE5-A1B8-FA2824260AD5}.Debug|Any CPU.ActiveCfg = Debug|Any CPU
		{67C51228-6195-4FE5-A1B8-FA2824260AD5}.Debug|Any CPU.Build.0 = Debug|Any CPU
		{67C51228-6195-4FE5-A1B8-FA2824260AD5}.Release|Any CPU.ActiveCfg = Release|Any CPU
		{67C51228-6195-4FE5-A1B8-FA2824260AD5}.Release|Any CPU.Build.0 = Release|Any CPU
	EndGlobalSection
	GlobalSection(SolutionProperties) = preSolution
		HideSolutionNode = FALSE
	EndGlobalSection
	GlobalSection(ExtensibilityGlobals) = postSolution
		SolutionGuid = {F921EE9F-7673-4130-87BA-F34BC9479498}
	EndGlobalSection
EndGlobal
